<?xml version="1.0" encoding="utf-8"?>
<Project ToolsVersion="4.0" xmlns="http://schemas.microsoft.com/developer/msbuild/2003">
  <ItemGroup>
    <Filter Include="win32">
      <UniqueIdentifier>{84a8ebd7-7cf0-47f6-b75e-d441df67da40}</UniqueIdentifier>
    </Filter>
    <Filter Include="resource">
      <UniqueIdentifier>{715254bc-d70b-4ec5-bf29-467dd3ace079}</UniqueIdentifier>
    </Filter>
    <Filter Include="src">
      <UniqueIdentifier>{bb6c862e-70e9-49d9-81b7-3829a6f50471}</UniqueIdentifier>
    </Filter>
    <Filter Include="src\01_managers">
      <UniqueIdentifier>{c8b03114-d89b-4cb9-945c-69ab748b55c6}</UniqueIdentifier>
    </Filter>
    <Filter Include="src\02_setupScene">
      <UniqueIdentifier>{3f32a390-5cb3-426a-bec8-f4e53d044318}</UniqueIdentifier>
    </Filter>
    <Filter Include="src\00_gameObject">
      <UniqueIdentifier>{3e1935fa-1c0e-4d34-971d-afd7990639e6}</UniqueIdentifier>
    </Filter>
    <Filter Include="src\99_gameResultScene">
      <UniqueIdentifier>{d8cbcc5f-00b8-43a0-a2a2-5d185de1ace1}</UniqueIdentifier>
    </Filter>
    <Filter Include="src\03_mainMenuScene">
      <UniqueIdentifier>{9c672647-77f0-40de-a185-f4794018ebe1}</UniqueIdentifier>
    </Filter>
    <Filter Include="src\04_gameRoomScene">
      <UniqueIdentifier>{b2064450-3d3e-4a17-ac8e-233785f09302}</UniqueIdentifier>
    </Filter>
    <Filter Include="src\05_waitingRoomScene">
      <UniqueIdentifier>{e558fbb0-d9e6-40d0-b0a2-aa0246d364ec}</UniqueIdentifier>
    </Filter>
    <Filter Include="src\06_popupLayer">
      <UniqueIdentifier>{c6971501-7ad8-4d52-87f1-407bd4c9f55f}</UniqueIdentifier>
    </Filter>
    <Filter Include="src\01_managers\networkClass">
      <UniqueIdentifier>{f0011ac9-825d-4b57-bb4e-99c3d4792acc}</UniqueIdentifier>
    </Filter>
    <Filter Include="src\07_commonUILayer">
      <UniqueIdentifier>{3b123f7a-918f-4c64-b139-5b8d03aa1a4a}</UniqueIdentifier>
    </Filter>
  </ItemGroup>
  <ItemGroup>
    <ClCompile Include="main.cpp">
      <Filter>win32</Filter>
    </ClCompile>
    <ClCompile Include="..\Classes\AppDelegate.cpp">
      <Filter>src</Filter>
    </ClCompile>
    <ClCompile Include="..\Classes\gameObject\magicStone.cpp">
      <Filter>src\00_gameObject</Filter>
    </ClCompile>
    <ClCompile Include="..\Classes\gameObject\player.cpp">
      <Filter>src\00_gameObject</Filter>
    </ClCompile>
    <ClCompile Include="..\Classes\gameRoomScene\gameRoomBGLayer.cpp">
      <Filter>src\04_gameRoomScene</Filter>
    </ClCompile>
    <ClCompile Include="..\Classes\gameRoomScene\gameRoomObjLayer.cpp">
      <Filter>src\04_gameRoomScene</Filter>
    </ClCompile>
    <ClCompile Include="..\Classes\gameRoomScene\gameRoomScene.cpp">
      <Filter>src\04_gameRoomScene</Filter>
    </ClCompile>
    <ClCompile Include="..\Classes\gameRoomScene\gameRoomUILayer.cpp">
      <Filter>src\04_gameRoomScene</Filter>
    </ClCompile>
    <ClCompile Include="..\Classes\mainMenuScene\mainMenuBGLayer.cpp">
      <Filter>src\03_mainMenuScene</Filter>
    </ClCompile>
    <ClCompile Include="..\Classes\mainMenuScene\mainMenuObjLayer.cpp">
      <Filter>src\03_mainMenuScene</Filter>
    </ClCompile>
    <ClCompile Include="..\Classes\mainMenuScene\mainMenuScene.cpp">
      <Filter>src\03_mainMenuScene</Filter>
    </ClCompile>
    <ClCompile Include="..\Classes\managers\gameFlowManager.cpp">
      <Filter>src\01_managers</Filter>
    </ClCompile>
    <ClCompile Include="..\Classes\managers\networkManager.cpp">
      <Filter>src\01_managers</Filter>
    </ClCompile>
    <ClCompile Include="..\Classes\managers\soundManager.cpp">
      <Filter>src\01_managers</Filter>
    </ClCompile>
    <ClCompile Include="..\Classes\setupScene\setupLoadingLayer.cpp">
      <Filter>src\02_setupScene</Filter>
    </ClCompile>
    <ClCompile Include="..\Classes\setupScene\setupScene.cpp">
      <Filter>src\02_setupScene</Filter>
    </ClCompile>
    <ClCompile Include="..\Classes\popupLayer\popupLayer.cpp">
      <Filter>src\06_popupLayer</Filter>
    </ClCompile>
    <ClCompile Include="..\Classes\managers\actionManager.cpp">
      <Filter>src\01_managers</Filter>
    </ClCompile>
    <ClCompile Include="..\Classes\managers\spriteManager.cpp">
      <Filter>src\01_managers</Filter>
    </ClCompile>
    <ClCompile Include="..\Classes\waitingRoomScene\waitingRoomBGLayer.cpp">
      <Filter>src\05_waitingRoomScene</Filter>
    </ClCompile>
    <ClCompile Include="..\Classes\waitingRoomScene\waitingRoomScene.cpp">
      <Filter>src\05_waitingRoomScene</Filter>
    </ClCompile>
    <ClCompile Include="..\Classes\waitingRoomScene\waitingRoomUILayer.cpp">
      <Filter>src\05_waitingRoomScene</Filter>
    </ClCompile>
    <ClCompile Include="..\Classes\managers\networkClass\stream.cpp">
      <Filter>src\01_managers\networkClass</Filter>
    </ClCompile>
    <ClCompile Include="..\Classes\waitingRoomScene\waitingRoomJoinLayer.cpp">
      <Filter>src\05_waitingRoomScene</Filter>
    </ClCompile>
    <ClCompile Include="..\Classes\commonUILayer\commonUILayer.cpp">
      <Filter>src\07_commonUILayer</Filter>
    </ClCompile>
    <ClCompile Include="..\Classes\managers\networkClass\hostServer.cpp">
      <Filter>src\01_managers\networkClass</Filter>
    </ClCompile>
    <ClCompile Include="..\Classes\managers\networkClass\guestClient.cpp">
      <Filter>src\01_managers\networkClass</Filter>
    </ClCompile>
    <ClCompile Include="..\Classes\managers\networkClass\session.cpp">
      <Filter>src\01_managers\networkClass</Filter>
    </ClCompile>
  </ItemGroup>
  <ItemGroup>
    <ClInclude Include="main.h">
      <Filter>win32</Filter>
    </ClInclude>
    <ClInclude Include="..\Classes\AppDelegate.h">
      <Filter>src</Filter>
    </ClInclude>
    <ClInclude Include="..\Classes\deletedCode.h">
      <Filter>src</Filter>
    </ClInclude>
    <ClInclude Include="..\Classes\gameObject\gameMetaData.h">
      <Filter>src\00_gameObject</Filter>
    </ClInclude>
    <ClInclude Include="..\Classes\gameObject\magicStone.h">
      <Filter>src\00_gameObject</Filter>
    </ClInclude>
    <ClInclude Include="..\Classes\gameObject\player.h">
      <Filter>src\00_gameObject</Filter>
    </ClInclude>
    <ClInclude Include="..\Classes\gameRoomScene\gameRoomBGLayer.h">
      <Filter>src\04_gameRoomScene</Filter>
    </ClInclude>
    <ClInclude Include="..\Classes\gameRoomScene\gameRoomObjLayer.h">
      <Filter>src\04_gameRoomScene</Filter>
    </ClInclude>
    <ClInclude Include="..\Classes\gameRoomScene\gameRoomScene.h">
      <Filter>src\04_gameRoomScene</Filter>
    </ClInclude>
    <ClInclude Include="..\Classes\gameRoomScene\gameRoomUILayer.h">
      <Filter>src\04_gameRoomScene</Filter>
    </ClInclude>
    <ClInclude Include="..\Classes\mainMenuScene\mainMenuBGLayer.h">
      <Filter>src\03_mainMenuScene</Filter>
    </ClInclude>
    <ClInclude Include="..\Classes\mainMenuScene\mainMenuObjLayer.h">
      <Filter>src\03_mainMenuScene</Filter>
    </ClInclude>
    <ClInclude Include="..\Classes\mainMenuScene\mainMenuScene.h">
      <Filter>src\03_mainMenuScene</Filter>
    </ClInclude>
    <ClInclude Include="..\Classes\managers\gameFlowManager.h">
      <Filter>src\01_managers</Filter>
    </ClInclude>
    <ClInclude Include="..\Classes\managers\networkManager.h">
      <Filter>src\01_managers</Filter>
    </ClInclude>
    <ClInclude Include="..\Classes\managers\soundManager.h">
      <Filter>src\01_managers</Filter>
    </ClInclude>
    <ClInclude Include="..\Classes\waitingRoomScene\waitingRoomBGLayer.h">
      <Filter>src\05_waitingRoomScene</Filter>
    </ClInclude>
    <ClInclude Include="..\Classes\waitingRoomScene\waitingRoomScene.h">
      <Filter>src\05_waitingRoomScene</Filter>
    </ClInclude>
    <ClInclude Include="..\Classes\setupScene\setupLoadingLayer.h">
      <Filter>src\02_setupScene</Filter>
    </ClInclude>
    <ClInclude Include="..\Classes\setupScene\setupScene.h">
      <Filter>src\02_setupScene</Filter>
    </ClInclude>
    <ClInclude Include="..\Classes\popupLayer\popupLayer.h">
      <Filter>src\06_popupLayer</Filter>
    </ClInclude>
    <ClInclude Include="..\Classes\managers\actionManager.h">
      <Filter>src\01_managers</Filter>
    </ClInclude>
    <ClInclude Include="..\Classes\managers\spriteManager.h">
      <Filter>src\01_managers</Filter>
    </ClInclude>
    <ClInclude Include="..\Classes\waitingRoomScene\waitingRoomUILayer.h">
      <Filter>src\05_waitingRoomScene</Filter>
    </ClInclude>
    <ClInclude Include="..\Classes\managers\singleton.h">
      <Filter>src\01_managers</Filter>
    </ClInclude>
    <ClInclude Include="..\Classes\managers\networkClass\stream.h">
      <Filter>src\01_managers\networkClass</Filter>
    </ClInclude>
    <ClInclude Include="..\Classes\managers\networkClass\protocol.h">
      <Filter>src\01_managers\networkClass</Filter>
    </ClInclude>
    <ClInclude Include="..\Classes\waitingRoomScene\waitingRoomJoinLayer.h">
      <Filter>src\05_waitingRoomScene</Filter>
    </ClInclude>
    <ClInclude Include="..\Classes\commonUILayer\commonUILayer.h">
      <Filter>src\07_commonUILayer</Filter>
    </ClInclude>
    <ClInclude Include="..\Classes\managers\networkClass\hostServer.h">
      <Filter>src\01_managers\networkClass</Filter>
    </ClInclude>
    <ClInclude Include="..\Classes\managers\networkClass\guestClient.h">
      <Filter>src\01_managers\networkClass</Filter>
    </ClInclude>
    <ClInclude Include="..\Classes\managers\networkClass\session.h">
      <Filter>src\01_managers\networkClass</Filter>
    </ClInclude>
  </ItemGroup>
  <ItemGroup>
    <ResourceCompile Include="game.rc">
      <Filter>resource</Filter>
    </ResourceCompile>
  </ItemGroup>
</Project>